dependencies:
- name: apigatewayv2-chart
  repository: oci://public.ecr.aws/aws-controllers-k8s
  version: v1.0.3
- name: applicationautoscaling-chart
  repository: oci://public.ecr.aws/aws-controllers-k8s
  version: v1.0.4
- name: cloudtrail-chart
  repository: oci://public.ecr.aws/aws-controllers-k8s
  version: v1.0.2
- name: dynamodb-chart
  repository: oci://public.ecr.aws/aws-controllers-k8s
  version: v1.1.1
- name: ec2-chart
  repository: oci://public.ecr.aws/aws-controllers-k8s
  version: v1.0.1
- name: ecr-chart
  repository: oci://public.ecr.aws/aws-controllers-k8s
  version: v1.0.3
- name: eks-chart
  repository: oci://public.ecr.aws/aws-controllers-k8s
  version: v1.0.2
- name: emrcontainers-chart
  repository: oci://public.ecr.aws/aws-controllers-k8s
  version: v1.0.1
- name: eventbridge-chart
  repository: oci://public.ecr.aws/aws-controllers-k8s
  version: v1.0.1
- name: iam-chart
  repository: oci://public.ecr.aws/aws-controllers-k8s
  version: v1.2.1
- name: kms-chart
  repository: oci://public.ecr.aws/aws-controllers-k8s
  version: v1.0.4
- name: lambda-chart
  repository: oci://public.ecr.aws/aws-controllers-k8s
  version: v1.0.0
- name: memorydb-chart
  repository: oci://public.ecr.aws/aws-controllers-k8s
  version: v1.0.0
- name: pipes-chart
  repository: oci://public.ecr.aws/aws-controllers-k8s
  version: v1.0.0
- name: prometheusservice-chart
  repository: oci://public.ecr.aws/aws-controllers-k8s
  version: v1.2.0
- name: rds-chart
  repository: oci://public.ecr.aws/aws-controllers-k8s
  version: v1.1.2
- name: s3-chart
  repository: oci://public.ecr.aws/aws-controllers-k8s
  version: v1.0.3
- name: sagemaker-chart
  repository: oci://public.ecr.aws/aws-controllers-k8s
  version: v1.2.1
- name: sfn-chart
  repository: oci://public.ecr.aws/aws-controllers-k8s
  version: v1.0.2
- name: sns-chart
  repository: oci://public.ecr.aws/aws-controllers-k8s
  version: v1.0.1
- name: sqs-chart
  repository: oci://public.ecr.aws/aws-controllers-k8s
  version: v1.0.0
digest: sha256:1b67ce3e050b871b240055fcbda320503e6fd64cead0c25d948b94612daf14ec
generated: "2023-05-02T14:53:09.624301184Z"
