dependencies:
- name: apigatewayv2-chart
  repository: oci://public.ecr.aws/aws-controllers-k8s
  version: 1.0.12
- name: applicationautoscaling-chart
  repository: oci://public.ecr.aws/aws-controllers-k8s
  version: 1.0.14
- name: cloudtrail-chart
  repository: oci://public.ecr.aws/aws-controllers-k8s
  version: 1.0.11
- name: dynamodb-chart
  repository: oci://public.ecr.aws/aws-controllers-k8s
  version: 1.2.11
- name: ec2-chart
  repository: oci://public.ecr.aws/aws-controllers-k8s
  version: 1.2.10
- name: ecr-chart
  repository: oci://public.ecr.aws/aws-controllers-k8s
  version: 1.0.15
- name: eks-chart
  repository: oci://public.ecr.aws/aws-controllers-k8s
  version: 1.3.5
- name: emrcontainers-chart
  repository: oci://public.ecr.aws/aws-controllers-k8s
  version: 1.0.10
- name: eventbridge-chart
  repository: oci://public.ecr.aws/aws-controllers-k8s
  version: 1.0.11
- name: iam-chart
  repository: oci://public.ecr.aws/aws-controllers-k8s
  version: 1.3.8
- name: kms-chart
  repository: oci://public.ecr.aws/aws-controllers-k8s
  version: 1.0.13
- name: lambda-chart
  repository: oci://public.ecr.aws/aws-controllers-k8s
  version: 1.5.0
- name: memorydb-chart
  repository: oci://public.ecr.aws/aws-controllers-k8s
  version: 1.0.2
- name: pipes-chart
  repository: oci://public.ecr.aws/aws-controllers-k8s
  version: 1.0.8
- name: prometheusservice-chart
  repository: oci://public.ecr.aws/aws-controllers-k8s
  version: 1.2.11
- name: rds-chart
  repository: oci://public.ecr.aws/aws-controllers-k8s
  version: 1.2.5
- name: s3-chart
  repository: oci://public.ecr.aws/aws-controllers-k8s
  version: 1.0.12
- name: sagemaker-chart
  repository: oci://public.ecr.aws/aws-controllers-k8s
  version: 1.2.11
- name: sfn-chart
  repository: oci://public.ecr.aws/aws-controllers-k8s
  version: 1.0.11
- name: sns-chart
  repository: oci://public.ecr.aws/aws-controllers-k8s
  version: 1.0.11
- name: sqs-chart
  repository: oci://public.ecr.aws/aws-controllers-k8s
  version: 1.0.13
digest: sha256:8ec87ed2272d9901ed8efb6513f5f1292501ed7da06ca231a549025a08e2d60f
generated: "2024-06-04T23:51:38.149908402Z"
